
Microsoft Visual Studio Solution File, Format Version 12.00
# Visual Studio Version 17
VisualStudioVersion = 17.9.34714.143
MinimumVisualStudioVersion = 10.0.40219.1
Project("{9A19103F-16F7-4668-BE54-9A1E7A4F7556}") = "Ex1", "Lista de exercios 1\Ex1.csproj", "{93FF2330-8D41-45EF-A92A-76F310D651A7}"
EndProject
Project("{2150E333-8FDC-42A3-9474-1A3956D46DE8}") = "Entrada, processamento e  saida de dados", "Entrada, processamento e  saida de dados", "{9634BF8E-5B9F-4852-8FC0-30721FA20186}"
EndProject
Project("{9A19103F-16F7-4668-BE54-9A1E7A4F7556}") = "Ex2", "Ex2\Ex2.csproj", "{0B21D167-8A9B-4341-93E8-CD90DAAF9FA1}"
EndProject
Project("{9A19103F-16F7-4668-BE54-9A1E7A4F7556}") = "Ex3", "Ex3\Ex3.csproj", "{C0EB4F3D-F640-4373-A28D-F9FFD60F67C3}"
EndProject
Project("{9A19103F-16F7-4668-BE54-9A1E7A4F7556}") = "Ex4", "ex4\Ex4.csproj", "{B919D1AD-0505-4E25-9BCF-A3D4F3635B85}"
EndProject
Project("{9A19103F-16F7-4668-BE54-9A1E7A4F7556}") = "Ex5", "Ex5\Ex5.csproj", "{59BE9568-EF05-4096-99B9-CB7F88B3F13E}"
EndProject
Project("{9A19103F-16F7-4668-BE54-9A1E7A4F7556}") = "Ex6", "Ex6\Ex6.csproj", "{5876C7A7-2375-4FD1-A4FB-17FE2D99746B}"
EndProject
Project("{2150E333-8FDC-42A3-9474-1A3956D46DE8}") = "Estruturas de Decisão", "Estruturas de Decisão", "{BAD94117-8786-4CB2-8168-293D0ABF6C7E}"
EndProject
Project("{9A19103F-16F7-4668-BE54-9A1E7A4F7556}") = "Ex7", "Ex1\Ex7.csproj", "{5C5B60AA-A06F-41D2-B48B-2EAAF79A080C}"
EndProject
Project("{9A19103F-16F7-4668-BE54-9A1E7A4F7556}") = "Ex8", "Ex8\Ex8.csproj", "{7D9668D8-836C-44E1-963B-01A45DB5756B}"
EndProject
Project("{9A19103F-16F7-4668-BE54-9A1E7A4F7556}") = "Ex9", "Ex9\Ex9.csproj", "{42DED0D7-56EB-4ADF-AA9B-0F1C2850771D}"
EndProject
Project("{9A19103F-16F7-4668-BE54-9A1E7A4F7556}") = "Ex10", "Ex10\Ex10.csproj", "{CB5004F6-1D12-4B0E-90E5-3AE1A32FB1EB}"
EndProject
Project("{9A19103F-16F7-4668-BE54-9A1E7A4F7556}") = "Ex11", "Ex11\Ex11.csproj", "{81458469-F025-4394-B47F-B6C9BBF7961B}"
EndProject
Project("{2150E333-8FDC-42A3-9474-1A3956D46DE8}") = "Estruturas de Repetição", "Estruturas de Repetição", "{D9110DBC-8C4B-4310-83A8-8ED32EABF8DE}"
EndProject
Project("{FAE04EC0-301F-11D3-BF4B-00C04F79EFBC}") = "Ex12", "Ex12\Ex12.csproj", "{821BA16B-BFAD-4D94-82A1-190447590E02}"
EndProject
Project("{FAE04EC0-301F-11D3-BF4B-00C04F79EFBC}") = "Ex13", "Ex13\Ex13.csproj", "{F3F7A2EA-1AF5-4CE9-A33D-FD6123816E05}"
EndProject
Project("{FAE04EC0-301F-11D3-BF4B-00C04F79EFBC}") = "Ex14", "Ex14\Ex14.csproj", "{F23548C0-F0E8-42AC-A841-BE6F54526C27}"
EndProject
Project("{FAE04EC0-301F-11D3-BF4B-00C04F79EFBC}") = "Ex15", "Ex15\Ex15.csproj", "{EB63F9AC-26D5-4465-B3AC-3BEA960E0446}"
EndProject
Global
	GlobalSection(SolutionConfigurationPlatforms) = preSolution
		Debug|Any CPU = Debug|Any CPU
		Release|Any CPU = Release|Any CPU
	EndGlobalSection
	GlobalSection(ProjectConfigurationPlatforms) = postSolution
		{93FF2330-8D41-45EF-A92A-76F310D651A7}.Debug|Any CPU.ActiveCfg = Debug|Any CPU
		{93FF2330-8D41-45EF-A92A-76F310D651A7}.Debug|Any CPU.Build.0 = Debug|Any CPU
		{93FF2330-8D41-45EF-A92A-76F310D651A7}.Release|Any CPU.ActiveCfg = Release|Any CPU
		{93FF2330-8D41-45EF-A92A-76F310D651A7}.Release|Any CPU.Build.0 = Release|Any CPU
		{0B21D167-8A9B-4341-93E8-CD90DAAF9FA1}.Debug|Any CPU.ActiveCfg = Debug|Any CPU
		{0B21D167-8A9B-4341-93E8-CD90DAAF9FA1}.Debug|Any CPU.Build.0 = Debug|Any CPU
		{0B21D167-8A9B-4341-93E8-CD90DAAF9FA1}.Release|Any CPU.ActiveCfg = Release|Any CPU
		{0B21D167-8A9B-4341-93E8-CD90DAAF9FA1}.Release|Any CPU.Build.0 = Release|Any CPU
		{C0EB4F3D-F640-4373-A28D-F9FFD60F67C3}.Debug|Any CPU.ActiveCfg = Debug|Any CPU
		{C0EB4F3D-F640-4373-A28D-F9FFD60F67C3}.Debug|Any CPU.Build.0 = Debug|Any CPU
		{C0EB4F3D-F640-4373-A28D-F9FFD60F67C3}.Release|Any CPU.ActiveCfg = Release|Any CPU
		{C0EB4F3D-F640-4373-A28D-F9FFD60F67C3}.Release|Any CPU.Build.0 = Release|Any CPU
		{B919D1AD-0505-4E25-9BCF-A3D4F3635B85}.Debug|Any CPU.ActiveCfg = Debug|Any CPU
		{B919D1AD-0505-4E25-9BCF-A3D4F3635B85}.Debug|Any CPU.Build.0 = Debug|Any CPU
		{B919D1AD-0505-4E25-9BCF-A3D4F3635B85}.Release|Any CPU.ActiveCfg = Release|Any CPU
		{B919D1AD-0505-4E25-9BCF-A3D4F3635B85}.Release|Any CPU.Build.0 = Release|Any CPU
		{59BE9568-EF05-4096-99B9-CB7F88B3F13E}.Debug|Any CPU.ActiveCfg = Debug|Any CPU
		{59BE9568-EF05-4096-99B9-CB7F88B3F13E}.Debug|Any CPU.Build.0 = Debug|Any CPU
		{59BE9568-EF05-4096-99B9-CB7F88B3F13E}.Release|Any CPU.ActiveCfg = Release|Any CPU
		{59BE9568-EF05-4096-99B9-CB7F88B3F13E}.Release|Any CPU.Build.0 = Release|Any CPU
		{5876C7A7-2375-4FD1-A4FB-17FE2D99746B}.Debug|Any CPU.ActiveCfg = Debug|Any CPU
		{5876C7A7-2375-4FD1-A4FB-17FE2D99746B}.Debug|Any CPU.Build.0 = Debug|Any CPU
		{5876C7A7-2375-4FD1-A4FB-17FE2D99746B}.Release|Any CPU.ActiveCfg = Release|Any CPU
		{5876C7A7-2375-4FD1-A4FB-17FE2D99746B}.Release|Any CPU.Build.0 = Release|Any CPU
		{5C5B60AA-A06F-41D2-B48B-2EAAF79A080C}.Debug|Any CPU.ActiveCfg = Debug|Any CPU
		{5C5B60AA-A06F-41D2-B48B-2EAAF79A080C}.Debug|Any CPU.Build.0 = Debug|Any CPU
		{5C5B60AA-A06F-41D2-B48B-2EAAF79A080C}.Release|Any CPU.ActiveCfg = Release|Any CPU
		{5C5B60AA-A06F-41D2-B48B-2EAAF79A080C}.Release|Any CPU.Build.0 = Release|Any CPU
		{7D9668D8-836C-44E1-963B-01A45DB5756B}.Debug|Any CPU.ActiveCfg = Debug|Any CPU
		{7D9668D8-836C-44E1-963B-01A45DB5756B}.Debug|Any CPU.Build.0 = Debug|Any CPU
		{7D9668D8-836C-44E1-963B-01A45DB5756B}.Release|Any CPU.ActiveCfg = Release|Any CPU
		{7D9668D8-836C-44E1-963B-01A45DB5756B}.Release|Any CPU.Build.0 = Release|Any CPU
		{42DED0D7-56EB-4ADF-AA9B-0F1C2850771D}.Debug|Any CPU.ActiveCfg = Debug|Any CPU
		{42DED0D7-56EB-4ADF-AA9B-0F1C2850771D}.Debug|Any CPU.Build.0 = Debug|Any CPU
		{42DED0D7-56EB-4ADF-AA9B-0F1C2850771D}.Release|Any CPU.ActiveCfg = Release|Any CPU
		{42DED0D7-56EB-4ADF-AA9B-0F1C2850771D}.Release|Any CPU.Build.0 = Release|Any CPU
		{CB5004F6-1D12-4B0E-90E5-3AE1A32FB1EB}.Debug|Any CPU.ActiveCfg = Debug|Any CPU
		{CB5004F6-1D12-4B0E-90E5-3AE1A32FB1EB}.Debug|Any CPU.Build.0 = Debug|Any CPU
		{CB5004F6-1D12-4B0E-90E5-3AE1A32FB1EB}.Release|Any CPU.ActiveCfg = Release|Any CPU
		{CB5004F6-1D12-4B0E-90E5-3AE1A32FB1EB}.Release|Any CPU.Build.0 = Release|Any CPU
		{81458469-F025-4394-B47F-B6C9BBF7961B}.Debug|Any CPU.ActiveCfg = Debug|Any CPU
		{81458469-F025-4394-B47F-B6C9BBF7961B}.Debug|Any CPU.Build.0 = Debug|Any CPU
		{81458469-F025-4394-B47F-B6C9BBF7961B}.Release|Any CPU.ActiveCfg = Release|Any CPU
		{81458469-F025-4394-B47F-B6C9BBF7961B}.Release|Any CPU.Build.0 = Release|Any CPU
		{821BA16B-BFAD-4D94-82A1-190447590E02}.Debug|Any CPU.ActiveCfg = Debug|Any CPU
		{821BA16B-BFAD-4D94-82A1-190447590E02}.Debug|Any CPU.Build.0 = Debug|Any CPU
		{821BA16B-BFAD-4D94-82A1-190447590E02}.Release|Any CPU.ActiveCfg = Release|Any CPU
		{821BA16B-BFAD-4D94-82A1-190447590E02}.Release|Any CPU.Build.0 = Release|Any CPU
		{F3F7A2EA-1AF5-4CE9-A33D-FD6123816E05}.Debug|Any CPU.ActiveCfg = Debug|Any CPU
		{F3F7A2EA-1AF5-4CE9-A33D-FD6123816E05}.Debug|Any CPU.Build.0 = Debug|Any CPU
		{F3F7A2EA-1AF5-4CE9-A33D-FD6123816E05}.Release|Any CPU.ActiveCfg = Release|Any CPU
		{F3F7A2EA-1AF5-4CE9-A33D-FD6123816E05}.Release|Any CPU.Build.0 = Release|Any CPU
		{F23548C0-F0E8-42AC-A841-BE6F54526C27}.Debug|Any CPU.ActiveCfg = Debug|Any CPU
		{F23548C0-F0E8-42AC-A841-BE6F54526C27}.Debug|Any CPU.Build.0 = Debug|Any CPU
		{F23548C0-F0E8-42AC-A841-BE6F54526C27}.Release|Any CPU.ActiveCfg = Release|Any CPU
		{F23548C0-F0E8-42AC-A841-BE6F54526C27}.Release|Any CPU.Build.0 = Release|Any CPU
		{EB63F9AC-26D5-4465-B3AC-3BEA960E0446}.Debug|Any CPU.ActiveCfg = Debug|Any CPU
		{EB63F9AC-26D5-4465-B3AC-3BEA960E0446}.Debug|Any CPU.Build.0 = Debug|Any CPU
		{EB63F9AC-26D5-4465-B3AC-3BEA960E0446}.Release|Any CPU.ActiveCfg = Release|Any CPU
		{EB63F9AC-26D5-4465-B3AC-3BEA960E0446}.Release|Any CPU.Build.0 = Release|Any CPU
	EndGlobalSection
	GlobalSection(SolutionProperties) = preSolution
		HideSolutionNode = FALSE
	EndGlobalSection
	GlobalSection(NestedProjects) = preSolution
		{93FF2330-8D41-45EF-A92A-76F310D651A7} = {9634BF8E-5B9F-4852-8FC0-30721FA20186}
		{0B21D167-8A9B-4341-93E8-CD90DAAF9FA1} = {9634BF8E-5B9F-4852-8FC0-30721FA20186}
		{C0EB4F3D-F640-4373-A28D-F9FFD60F67C3} = {9634BF8E-5B9F-4852-8FC0-30721FA20186}
		{B919D1AD-0505-4E25-9BCF-A3D4F3635B85} = {9634BF8E-5B9F-4852-8FC0-30721FA20186}
		{59BE9568-EF05-4096-99B9-CB7F88B3F13E} = {9634BF8E-5B9F-4852-8FC0-30721FA20186}
		{5876C7A7-2375-4FD1-A4FB-17FE2D99746B} = {9634BF8E-5B9F-4852-8FC0-30721FA20186}
		{5C5B60AA-A06F-41D2-B48B-2EAAF79A080C} = {BAD94117-8786-4CB2-8168-293D0ABF6C7E}
		{7D9668D8-836C-44E1-963B-01A45DB5756B} = {BAD94117-8786-4CB2-8168-293D0ABF6C7E}
		{42DED0D7-56EB-4ADF-AA9B-0F1C2850771D} = {BAD94117-8786-4CB2-8168-293D0ABF6C7E}
		{CB5004F6-1D12-4B0E-90E5-3AE1A32FB1EB} = {BAD94117-8786-4CB2-8168-293D0ABF6C7E}
		{81458469-F025-4394-B47F-B6C9BBF7961B} = {BAD94117-8786-4CB2-8168-293D0ABF6C7E}
		{821BA16B-BFAD-4D94-82A1-190447590E02} = {D9110DBC-8C4B-4310-83A8-8ED32EABF8DE}
		{F3F7A2EA-1AF5-4CE9-A33D-FD6123816E05} = {D9110DBC-8C4B-4310-83A8-8ED32EABF8DE}
		{F23548C0-F0E8-42AC-A841-BE6F54526C27} = {D9110DBC-8C4B-4310-83A8-8ED32EABF8DE}
		{EB63F9AC-26D5-4465-B3AC-3BEA960E0446} = {D9110DBC-8C4B-4310-83A8-8ED32EABF8DE}
	EndGlobalSection
	GlobalSection(ExtensibilityGlobals) = postSolution
		SolutionGuid = {80A448D3-61AE-4E4F-9BEF-96E280714336}
	EndGlobalSection
EndGlobal
